
Microsoft Visual Studio Solution File, Format Version 12.00
# Visual Studio Version 16
VisualStudioVersion = 16.0.30611.23
MinimumVisualStudioVersion = 10.0.40219.1
Project("{FAE04EC0-301F-11D3-BF4B-00C04F79EFBC}") = "ControleFinancasWeb", "ControleFinancasWeb\ControleFinancasWeb.csproj", "{E2588015-117D-4080-A499-A559CEECA00D}"
EndProject
Global
	GlobalSection(SolutionConfigurationPlatforms) = preSolution
		Debug|Any CPU = Debug|Any CPU
		Release|Any CPU = Release|Any CPU
	EndGlobalSection
	GlobalSection(ProjectConfigurationPlatforms) = postSolution
		{E2588015-117D-4080-A499-A559CEECA00D}.Debug|Any CPU.ActiveCfg = Debug|Any CPU
		{E2588015-117D-4080-A499-A559CEECA00D}.Debug|Any CPU.Build.0 = Debug|Any CPU
		{E2588015-117D-4080-A499-A559CEECA00D}.Release|Any CPU.ActiveCfg = Release|Any CPU
		{E2588015-117D-4080-A499-A559CEECA00D}.Release|Any CPU.Build.0 = Release|Any CPU
	EndGlobalSection
	GlobalSection(SolutionProperties) = preSolution
		HideSolutionNode = FALSE
	EndGlobalSection
	GlobalSection(ExtensibilityGlobals) = postSolution
		SolutionGuid = {EEFD5CAE-1EB1-4CD3-8541-DD781D5CFAC2}
	EndGlobalSection
EndGlobal
